
Microsoft Visual Studio Solution File, Format Version 12.00
# Visual Studio Version 16
VisualStudioVersion = 16.0.30804.86
MinimumVisualStudioVersion = 10.0.40219.1
Project("{8BC9CEB8-8B4A-11D0-8D11-00A0C91BC942}") = "server", "chapter1.vcxproj", "{992F1C39-4BD2-4FBF-B3E9-3A26049EBA0A}"
EndProject
Project("{8BC9CEB8-8B4A-11D0-8D11-00A0C91BC942}") = "client", "client\client.vcxproj", "{9BDC940F-1D4C-457C-878B-09175516921A}"
EndProject
Global
	GlobalSection(SolutionConfigurationPlatforms) = preSolution
		Debug|x64 = Debug|x64
		Debug|x86 = Debug|x86
		Release|x64 = Release|x64
		Release|x86 = Release|x86
	EndGlobalSection
	GlobalSection(ProjectConfigurationPlatforms) = postSolution
		{992F1C39-4BD2-4FBF-B3E9-3A26049EBA0A}.Debug|x64.ActiveCfg = Debug|x64
		{992F1C39-4BD2-4FBF-B3E9-3A26049EBA0A}.Debug|x64.Build.0 = Debug|x64
		{992F1C39-4BD2-4FBF-B3E9-3A26049EBA0A}.Debug|x86.ActiveCfg = Debug|Win32
		{992F1C39-4BD2-4FBF-B3E9-3A26049EBA0A}.Debug|x86.Build.0 = Debug|Win32
		{992F1C39-4BD2-4FBF-B3E9-3A26049EBA0A}.Release|x64.ActiveCfg = Release|x64
		{992F1C39-4BD2-4FBF-B3E9-3A26049EBA0A}.Release|x64.Build.0 = Release|x64
		{992F1C39-4BD2-4FBF-B3E9-3A26049EBA0A}.Release|x86.ActiveCfg = Release|Win32
		{992F1C39-4BD2-4FBF-B3E9-3A26049EBA0A}.Release|x86.Build.0 = Release|Win32
		{9BDC940F-1D4C-457C-878B-09175516921A}.Debug|x64.ActiveCfg = Debug|x64
		{9BDC940F-1D4C-457C-878B-09175516921A}.Debug|x64.Build.0 = Debug|x64
		{9BDC940F-1D4C-457C-878B-09175516921A}.Debug|x86.ActiveCfg = Debug|Win32
		{9BDC940F-1D4C-457C-878B-09175516921A}.Debug|x86.Build.0 = Debug|Win32
		{9BDC940F-1D4C-457C-878B-09175516921A}.Release|x64.ActiveCfg = Release|x64
		{9BDC940F-1D4C-457C-878B-09175516921A}.Release|x64.Build.0 = Release|x64
		{9BDC940F-1D4C-457C-878B-09175516921A}.Release|x86.ActiveCfg = Release|Win32
		{9BDC940F-1D4C-457C-878B-09175516921A}.Release|x86.Build.0 = Release|Win32
	EndGlobalSection
	GlobalSection(SolutionProperties) = preSolution
		HideSolutionNode = FALSE
	EndGlobalSection
	GlobalSection(ExtensibilityGlobals) = postSolution
		SolutionGuid = {2E4A93B4-9C3A-4538-9E80-5CCC9FD4B195}
	EndGlobalSection
EndGlobal
